
Microsoft Visual Studio Solution File, Format Version 12.00
# Visual Studio Version 17
VisualStudioVersion = 17.5.002.0
MinimumVisualStudioVersion = 10.0.40219.1
Project("{9A19103F-16F7-4668-BE54-9A1E7A4F7556}") = "CoderSchool_L3_Operators", "CoderSchool_L3_Operators.csproj", "{D1EDA377-DF76-4BDB-9A4C-76494F8E6370}"
EndProject
Global
	GlobalSection(SolutionConfigurationPlatforms) = preSolution
		Debug|Any CPU = Debug|Any CPU
		Release|Any CPU = Release|Any CPU
	EndGlobalSection
	GlobalSection(ProjectConfigurationPlatforms) = postSolution
		{D1EDA377-DF76-4BDB-9A4C-76494F8E6370}.Debug|Any CPU.ActiveCfg = Debug|Any CPU
		{D1EDA377-DF76-4BDB-9A4C-76494F8E6370}.Debug|Any CPU.Build.0 = Debug|Any CPU
		{D1EDA377-DF76-4BDB-9A4C-76494F8E6370}.Release|Any CPU.ActiveCfg = Release|Any CPU
		{D1EDA377-DF76-4BDB-9A4C-76494F8E6370}.Release|Any CPU.Build.0 = Release|Any CPU
	EndGlobalSection
	GlobalSection(SolutionProperties) = preSolution
		HideSolutionNode = FALSE
	EndGlobalSection
	GlobalSection(ExtensibilityGlobals) = postSolution
		SolutionGuid = {0682340E-7C9D-43EA-805E-D735D3EEFBAE}
	EndGlobalSection
EndGlobal
